github.com/beorn7/perks v0.0.0-20160804104726-4c0e84591b9a h1:BtpsbiV638WQZwhA98cEZw2BsbnQJrbd0BI7tsy0W1c=
github.com/beorn7/perks v0.0.0-20160804104726-4c0e84591b9a/go.mod h1:Dwedo/Wpr24TaqPxmxbtue+5NUziq4I4S80YR8gNf3Q=
github.com/golang/protobuf v0.0.0-20161012205335-98fa35717058 h1:xVBSuG3IwzD01VUAgfPihkonFpb8hX+WmT5PLrKQZFw=
github.com/golang/protobuf v0.0.0-20161012205335-98fa35717058/go.mod h1:6lQm79b+lXiMfvg/cZm0SGofjICqVBUtrP5yJMmIC1U=
github.com/jessevdk/go-flags v1.2.0 h1:hzF3gGPUyvR8CkohvbuReyJykgogDQ5bCuNB7LIzgD4=
github.com/jessevdk/go-flags v1.2.0/go.mod h1:4FA24M0QyGHXBuZZK/XkWh8h0e1EYbRYJSGM75WSRxI=
github.com/jpillora/backoff v0.0.0-20170222002228-06c7a16c845d h1:ETeT81zgLgSNc4BWdDO2Fg9ekVItYErbNtE8mKD2pJA=
github.com/jpillora/backoff v0.0.0-20170222002228-06c7a16c845d/go.mod h1:2iMrUgbbvHEiQClaW2NsSzMyGHqN+rDFqY705q49KG0=
github.com/matttproud/golang_protobuf_extensions v1.0.1 h1:4hp9jkHxhMHkqkrB3Ix0jegS5sx/RkqARlsWZ6pIwiU=
github.com/matttproud/golang_protobuf_extensions v1.0.1/go.mod h1:D8He9yQNgCq6Z5Ld7szi9bcBfOoFv/3dc6xSMkL2PC0=
github.com/prometheus/client_golang v0.8.0 h1:1921Yw9Gc3iSc4VQh3PIoOqgPCZS7G/4xQNVUp8Mda8=
github.com/prometheus/client_golang v0.8.0/go.mod h1:7SWBe2y4D6OKWSNQJUaRYU/AaXPKyh/dDVn+NZz0KFw=
github.com/prometheus/client_model v0.0.0-20170216185247-6f3806018612 h1:13pIdM2tpaDi4OVe24fgoIS7ZTqMt0QI+bwQsX5hq+g=
github.com/prometheus/client_model v0.0.0-20170216185247-6f3806018612/go.mod h1:MbSGuTsp3dbXC40dX6PRTWyKYBIrTGTE9sqQNg2J8bo=
github.com/prometheus/common v0.0.0-20170220103846-49fee292b27b h1:nure2StBXEgV+CtAOZSggLGJ7bfuSfvuitPnwEQSKWQ=
github.com/prometheus/common v0.0.0-20170220103846-49fee292b27b/go.mod h1:daVV7qP5qjZbuso7PdcryaAu0sAZbrN9i7WWcTMWvro=
github.com/prometheus/procfs v0.0.0-20170216223256-a1dba9ce8bae h1:4W6eGKy6DVCKy+vFPt2wtCifCjfzvHgOomhDsv/n58Y=
github.com/prometheus/procfs v0.0.0-20170216223256-a1dba9ce8bae/go.mod h1:c3At6R/oaqEKCNdg8wHV1ftS6bRYblBhIjjI8uT2IGk=
